
Microsoft Visual Studio Solution File, Format Version 12.00
# Visual Studio 15
VisualStudioVersion = 15.0.28010.2019
MinimumVisualStudioVersion = 10.0.40219.1
Project("{FAE04EC0-301F-11D3-BF4B-00C04F79EFBC}") = "Метод случайного спуска", "Метод случайного спуска\Метод случайного спуска.csproj", "{14088383-80BF-4C5F-A532-32D3A9DA168B}"
EndProject
Project("{FAE04EC0-301F-11D3-BF4B-00C04F79EFBC}") = "RandomDescent", "RandomDescent\RandomDescent.csproj", "{AA7393FC-7FBA-4208-AB00-A76102B71D0D}"
EndProject
Project("{FAE04EC0-301F-11D3-BF4B-00C04F79EFBC}") = "GraphCreator", "GraphCreator\GraphCreator.csproj", "{F1FFF482-DB37-4C73-959F-99429F490261}"
EndProject
Global
	GlobalSection(SolutionConfigurationPlatforms) = preSolution
		Debug|Any CPU = Debug|Any CPU
		Release|Any CPU = Release|Any CPU
	EndGlobalSection
	GlobalSection(ProjectConfigurationPlatforms) = postSolution
		{14088383-80BF-4C5F-A532-32D3A9DA168B}.Debug|Any CPU.ActiveCfg = Debug|Any CPU
		{14088383-80BF-4C5F-A532-32D3A9DA168B}.Debug|Any CPU.Build.0 = Debug|Any CPU
		{14088383-80BF-4C5F-A532-32D3A9DA168B}.Release|Any CPU.ActiveCfg = Release|Any CPU
		{14088383-80BF-4C5F-A532-32D3A9DA168B}.Release|Any CPU.Build.0 = Release|Any CPU
		{AA7393FC-7FBA-4208-AB00-A76102B71D0D}.Debug|Any CPU.ActiveCfg = Debug|Any CPU
		{AA7393FC-7FBA-4208-AB00-A76102B71D0D}.Debug|Any CPU.Build.0 = Debug|Any CPU
		{AA7393FC-7FBA-4208-AB00-A76102B71D0D}.Release|Any CPU.ActiveCfg = Release|Any CPU
		{AA7393FC-7FBA-4208-AB00-A76102B71D0D}.Release|Any CPU.Build.0 = Release|Any CPU
		{F1FFF482-DB37-4C73-959F-99429F490261}.Debug|Any CPU.ActiveCfg = Debug|Any CPU
		{F1FFF482-DB37-4C73-959F-99429F490261}.Debug|Any CPU.Build.0 = Debug|Any CPU
		{F1FFF482-DB37-4C73-959F-99429F490261}.Release|Any CPU.ActiveCfg = Release|Any CPU
		{F1FFF482-DB37-4C73-959F-99429F490261}.Release|Any CPU.Build.0 = Release|Any CPU
	EndGlobalSection
	GlobalSection(SolutionProperties) = preSolution
		HideSolutionNode = FALSE
	EndGlobalSection
	GlobalSection(ExtensibilityGlobals) = postSolution
		SolutionGuid = {C942755A-07AF-4B1E-B503-6DF5B1449168}
	EndGlobalSection
EndGlobal
